schema: '2.0'
stages:
  preprocess:
    cmd: python code/datasets/data_processing.py
    deps:
    - path: code/datasets/data_processing.py
      hash: md5
      md5: 2ac2428dd96b36b992675a119153696c
      size: 2583
    - path: data/raw/Symptom2Disease.csv
      hash: md5
      md5: eeda3e295d50116a3c0aecaa9037df4d
      size: 229852
    outs:
    - path: data/processed/test.csv
      hash: md5
      md5: 9299171663320fc95fe0db174c00fa63
      size: 29754
    - path: data/processed/train.csv
      hash: md5
      md5: b4d84e45cc463abab7bf6376d9a184c4
      size: 118265
